
Microsoft Visual Studio Solution File, Format Version 12.00
# Visual Studio Version 16
VisualStudioVersion = 16.0.29709.97
MinimumVisualStudioVersion = 10.0.40219.1
Project("{FAE04EC0-301F-11D3-BF4B-00C04F79EFBC}") = "OneEdu.HaGiangHomepage", "OneEdu.HaGiangHomepage\OneEdu.HaGiangHomepage.csproj", "{61F09E48-1DE2-4925-A446-2AB2F0DE9052}"
EndProject
Global
	GlobalSection(SolutionConfigurationPlatforms) = preSolution
		Debug|Any CPU = Debug|Any CPU
		Release|Any CPU = Release|Any CPU
	EndGlobalSection
	GlobalSection(ProjectConfigurationPlatforms) = postSolution
		{61F09E48-1DE2-4925-A446-2AB2F0DE9052}.Debug|Any CPU.ActiveCfg = Debug|Any CPU
		{61F09E48-1DE2-4925-A446-2AB2F0DE9052}.Debug|Any CPU.Build.0 = Debug|Any CPU
		{61F09E48-1DE2-4925-A446-2AB2F0DE9052}.Release|Any CPU.ActiveCfg = Release|Any CPU
		{61F09E48-1DE2-4925-A446-2AB2F0DE9052}.Release|Any CPU.Build.0 = Release|Any CPU
	EndGlobalSection
	GlobalSection(SolutionProperties) = preSolution
		HideSolutionNode = FALSE
	EndGlobalSection
	GlobalSection(ExtensibilityGlobals) = postSolution
		SolutionGuid = {645E9BEF-7EA0-4D0A-A58B-49FE648CF855}
	EndGlobalSection
EndGlobal
